
Microsoft Visual Studio Solution File, Format Version 12.00
# Visual Studio 15
VisualStudioVersion = 15.0.28010.2026
MinimumVisualStudioVersion = 10.0.40219.1
Project("{FAE04EC0-301F-11D3-BF4B-00C04F79EFBC}") = "UberSportManager", "UberSportManager\UberSportManager.csproj", "{4D7ED166-8756-4ACE-9F84-0BCD964B1D3E}"
EndProject
Global
	GlobalSection(SolutionConfigurationPlatforms) = preSolution
		Debug|Any CPU = Debug|Any CPU
		Release|Any CPU = Release|Any CPU
	EndGlobalSection
	GlobalSection(ProjectConfigurationPlatforms) = postSolution
		{4D7ED166-8756-4ACE-9F84-0BCD964B1D3E}.Debug|Any CPU.ActiveCfg = Debug|Any CPU
		{4D7ED166-8756-4ACE-9F84-0BCD964B1D3E}.Debug|Any CPU.Build.0 = Debug|Any CPU
		{4D7ED166-8756-4ACE-9F84-0BCD964B1D3E}.Release|Any CPU.ActiveCfg = Release|Any CPU
		{4D7ED166-8756-4ACE-9F84-0BCD964B1D3E}.Release|Any CPU.Build.0 = Release|Any CPU
	EndGlobalSection
	GlobalSection(SolutionProperties) = preSolution
		HideSolutionNode = FALSE
	EndGlobalSection
	GlobalSection(ExtensibilityGlobals) = postSolution
		SolutionGuid = {414D0185-DFD3-49BC-AF91-CE5644677854}
	EndGlobalSection
EndGlobal
