
Microsoft Visual Studio Solution File, Format Version 12.00
# Visual Studio 15
VisualStudioVersion = 15.0.28010.2026
MinimumVisualStudioVersion = 10.0.40219.1
Project("{9A19103F-16F7-4668-BE54-9A1E7A4F7556}") = "UberSportManager", "UberSportManager\UberSportManager.csproj", "{4D7ED166-8756-4ACE-9F84-0BCD964B1D3E}"
EndProject
Project("{FAE04EC0-301F-11D3-BF4B-00C04F79EFBC}") = "USM_Model", "USM_Model\USM_Model.csproj", "{EA0C4994-7A38-46E6-9C62-CDEC1235E045}"
EndProject
Project("{FAE04EC0-301F-11D3-BF4B-00C04F79EFBC}") = "USM_EF_Helper", "USM_EF_Helper\USM_EF_Helper.csproj", "{F981A472-E345-48A8-8C9F-A342DE6D3CA5}"
EndProject
Project("{FAE04EC0-301F-11D3-BF4B-00C04F79EFBC}") = "USM_Main_Test", "USM_Main_Test\USM_Main_Test.csproj", "{933C8A95-F30B-455D-A4E8-F9E3DE07E106}"
EndProject
Project("{2150E333-8FDC-42A3-9474-1A3956D46DE8}") = "Test_Projects", "Test_Projects", "{AD942315-7D26-43E1-B2BD-7098B41144A1}"
EndProject
Project("{FAE04EC0-301F-11D3-BF4B-00C04F79EFBC}") = "USM_Model_Test", "USM_Model_Test\USM_Model_Test.csproj", "{86A5ADED-994D-4B21-9E3C-8A6B9EC60EBB}"
EndProject
Project("{FAE04EC0-301F-11D3-BF4B-00C04F79EFBC}") = "USM_EF_Test", "USM_EF_Test\USM_EF_Test.csproj", "{D441AB5A-35AC-4F47-B8A8-136DF0646C41}"
EndProject
Global
	GlobalSection(SolutionConfigurationPlatforms) = preSolution
		Debug|Any CPU = Debug|Any CPU
		Release|Any CPU = Release|Any CPU
	EndGlobalSection
	GlobalSection(ProjectConfigurationPlatforms) = postSolution
		{4D7ED166-8756-4ACE-9F84-0BCD964B1D3E}.Debug|Any CPU.ActiveCfg = Debug|Any CPU
		{4D7ED166-8756-4ACE-9F84-0BCD964B1D3E}.Debug|Any CPU.Build.0 = Debug|Any CPU
		{4D7ED166-8756-4ACE-9F84-0BCD964B1D3E}.Release|Any CPU.ActiveCfg = Release|Any CPU
		{4D7ED166-8756-4ACE-9F84-0BCD964B1D3E}.Release|Any CPU.Build.0 = Release|Any CPU
		{EA0C4994-7A38-46E6-9C62-CDEC1235E045}.Debug|Any CPU.ActiveCfg = Debug|Any CPU
		{EA0C4994-7A38-46E6-9C62-CDEC1235E045}.Debug|Any CPU.Build.0 = Debug|Any CPU
		{EA0C4994-7A38-46E6-9C62-CDEC1235E045}.Release|Any CPU.ActiveCfg = Release|Any CPU
		{EA0C4994-7A38-46E6-9C62-CDEC1235E045}.Release|Any CPU.Build.0 = Release|Any CPU
		{F981A472-E345-48A8-8C9F-A342DE6D3CA5}.Debug|Any CPU.ActiveCfg = Debug|Any CPU
		{F981A472-E345-48A8-8C9F-A342DE6D3CA5}.Debug|Any CPU.Build.0 = Debug|Any CPU
		{F981A472-E345-48A8-8C9F-A342DE6D3CA5}.Release|Any CPU.ActiveCfg = Release|Any CPU
		{F981A472-E345-48A8-8C9F-A342DE6D3CA5}.Release|Any CPU.Build.0 = Release|Any CPU
		{933C8A95-F30B-455D-A4E8-F9E3DE07E106}.Debug|Any CPU.ActiveCfg = Debug|Any CPU
		{933C8A95-F30B-455D-A4E8-F9E3DE07E106}.Debug|Any CPU.Build.0 = Debug|Any CPU
		{933C8A95-F30B-455D-A4E8-F9E3DE07E106}.Release|Any CPU.ActiveCfg = Release|Any CPU
		{933C8A95-F30B-455D-A4E8-F9E3DE07E106}.Release|Any CPU.Build.0 = Release|Any CPU
		{86A5ADED-994D-4B21-9E3C-8A6B9EC60EBB}.Debug|Any CPU.ActiveCfg = Debug|Any CPU
		{86A5ADED-994D-4B21-9E3C-8A6B9EC60EBB}.Debug|Any CPU.Build.0 = Debug|Any CPU
		{86A5ADED-994D-4B21-9E3C-8A6B9EC60EBB}.Release|Any CPU.ActiveCfg = Release|Any CPU
		{86A5ADED-994D-4B21-9E3C-8A6B9EC60EBB}.Release|Any CPU.Build.0 = Release|Any CPU
		{D441AB5A-35AC-4F47-B8A8-136DF0646C41}.Debug|Any CPU.ActiveCfg = Debug|Any CPU
		{D441AB5A-35AC-4F47-B8A8-136DF0646C41}.Debug|Any CPU.Build.0 = Debug|Any CPU
		{D441AB5A-35AC-4F47-B8A8-136DF0646C41}.Release|Any CPU.ActiveCfg = Release|Any CPU
		{D441AB5A-35AC-4F47-B8A8-136DF0646C41}.Release|Any CPU.Build.0 = Release|Any CPU
	EndGlobalSection
	GlobalSection(SolutionProperties) = preSolution
		HideSolutionNode = FALSE
	EndGlobalSection
	GlobalSection(NestedProjects) = preSolution
		{933C8A95-F30B-455D-A4E8-F9E3DE07E106} = {AD942315-7D26-43E1-B2BD-7098B41144A1}
		{86A5ADED-994D-4B21-9E3C-8A6B9EC60EBB} = {AD942315-7D26-43E1-B2BD-7098B41144A1}
		{D441AB5A-35AC-4F47-B8A8-136DF0646C41} = {AD942315-7D26-43E1-B2BD-7098B41144A1}
	EndGlobalSection
	GlobalSection(ExtensibilityGlobals) = postSolution
		SolutionGuid = {414D0185-DFD3-49BC-AF91-CE5644677854}
	EndGlobalSection
EndGlobal
